
Microsoft Visual Studio Solution File, Format Version 12.00
# Visual Studio Version 17
VisualStudioVersion = 17.11.35431.28
MinimumVisualStudioVersion = 10.0.40219.1
Project("{FAE04EC0-301F-11D3-BF4B-00C04F79EFBC}") = "MuteVideos", "MuteVideos.csproj", "{F98CCFC5-D84C-4340-BCA8-FC4008714096}"
EndProject
Global
	GlobalSection(SolutionConfigurationPlatforms) = preSolution
		Debug|Any CPU = Debug|Any CPU
		Release|Any CPU = Release|Any CPU
	EndGlobalSection
	GlobalSection(ProjectConfigurationPlatforms) = postSolution
		{F98CCFC5-D84C-4340-BCA8-FC4008714096}.Debug|Any CPU.ActiveCfg = Debug|Any CPU
		{F98CCFC5-D84C-4340-BCA8-FC4008714096}.Debug|Any CPU.Build.0 = Debug|Any CPU
		{F98CCFC5-D84C-4340-BCA8-FC4008714096}.Release|Any CPU.ActiveCfg = Release|Any CPU
		{F98CCFC5-D84C-4340-BCA8-FC4008714096}.Release|Any CPU.Build.0 = Release|Any CPU
	EndGlobalSection
	GlobalSection(SolutionProperties) = preSolution
		HideSolutionNode = FALSE
	EndGlobalSection
	GlobalSection(ExtensibilityGlobals) = postSolution
		SolutionGuid = {48231455-FCDF-4086-967D-C07844C91085}
	EndGlobalSection
EndGlobal
